
Microsoft Visual Studio Solution File, Format Version 12.00
# Visual Studio 15
VisualStudioVersion = 15.0.26730.3
MinimumVisualStudioVersion = 10.0.40219.1
Project("{FAE04EC0-301F-11D3-BF4B-00C04F79EFBC}") = "rockPaperScissors", "rockPaperScissors\rockPaperScissors.csproj", "{5BCDC377-EE83-4CAB-80C1-422DB17216F1}"
EndProject
Global
	GlobalSection(SolutionConfigurationPlatforms) = preSolution
		Debug|Any CPU = Debug|Any CPU
		Release|Any CPU = Release|Any CPU
	EndGlobalSection
	GlobalSection(ProjectConfigurationPlatforms) = postSolution
		{5BCDC377-EE83-4CAB-80C1-422DB17216F1}.Debug|Any CPU.ActiveCfg = Debug|Any CPU
		{5BCDC377-EE83-4CAB-80C1-422DB17216F1}.Debug|Any CPU.Build.0 = Debug|Any CPU
		{5BCDC377-EE83-4CAB-80C1-422DB17216F1}.Release|Any CPU.ActiveCfg = Release|Any CPU
		{5BCDC377-EE83-4CAB-80C1-422DB17216F1}.Release|Any CPU.Build.0 = Release|Any CPU
	EndGlobalSection
	GlobalSection(SolutionProperties) = preSolution
		HideSolutionNode = FALSE
	EndGlobalSection
	GlobalSection(ExtensibilityGlobals) = postSolution
		SolutionGuid = {6FB07C5C-C3E0-451F-ADC9-9A66B26AE706}
	EndGlobalSection
EndGlobal
